
Microsoft Visual Studio Solution File, Format Version 12.00
# Visual Studio Version 17
VisualStudioVersion = 17.8.34330.188
MinimumVisualStudioVersion = 10.0.40219.1
Project("{8BC9CEB8-8B4A-11D0-8D11-00A0C91BC942}") = "lab04", "lab04\lab04.vcxproj", "{46128A98-0296-4947-80DF-E4E0C6C5F7C0}"
EndProject
Global
	GlobalSection(SolutionConfigurationPlatforms) = preSolution
		Debug|x64 = Debug|x64
		Debug|x86 = Debug|x86
		Release|x64 = Release|x64
		Release|x86 = Release|x86
	EndGlobalSection
	GlobalSection(ProjectConfigurationPlatforms) = postSolution
		{46128A98-0296-4947-80DF-E4E0C6C5F7C0}.Debug|x64.ActiveCfg = Debug|x64
		{46128A98-0296-4947-80DF-E4E0C6C5F7C0}.Debug|x64.Build.0 = Debug|x64
		{46128A98-0296-4947-80DF-E4E0C6C5F7C0}.Debug|x86.ActiveCfg = Debug|Win32
		{46128A98-0296-4947-80DF-E4E0C6C5F7C0}.Debug|x86.Build.0 = Debug|Win32
		{46128A98-0296-4947-80DF-E4E0C6C5F7C0}.Release|x64.ActiveCfg = Release|x64
		{46128A98-0296-4947-80DF-E4E0C6C5F7C0}.Release|x64.Build.0 = Release|x64
		{46128A98-0296-4947-80DF-E4E0C6C5F7C0}.Release|x86.ActiveCfg = Release|Win32
		{46128A98-0296-4947-80DF-E4E0C6C5F7C0}.Release|x86.Build.0 = Release|Win32
	EndGlobalSection
	GlobalSection(SolutionProperties) = preSolution
		HideSolutionNode = FALSE
	EndGlobalSection
	GlobalSection(ExtensibilityGlobals) = postSolution
		SolutionGuid = {EB9A0DB8-0B6E-4C7A-A44C-8D6BFD899709}
	EndGlobalSection
EndGlobal
